
Microsoft Visual Studio Solution File, Format Version 12.00
# Visual Studio Version 17
VisualStudioVersion = 17.7.34009.444
MinimumVisualStudioVersion = 10.0.40219.1
Project("{FAE04EC0-301F-11D3-BF4B-00C04F79EFBC}") = "FaultSubsystem", "FaultSubsystem\FaultSubsystem.csproj", "{FE967262-F0B2-4562-969F-3BF9B20AD1F0}"
EndProject
Global
	GlobalSection(SolutionConfigurationPlatforms) = preSolution
		Debug|Any CPU = Debug|Any CPU
		Release|Any CPU = Release|Any CPU
	EndGlobalSection
	GlobalSection(ProjectConfigurationPlatforms) = postSolution
		{FE967262-F0B2-4562-969F-3BF9B20AD1F0}.Debug|Any CPU.ActiveCfg = Debug|Any CPU
		{FE967262-F0B2-4562-969F-3BF9B20AD1F0}.Debug|Any CPU.Build.0 = Debug|Any CPU
		{FE967262-F0B2-4562-969F-3BF9B20AD1F0}.Release|Any CPU.ActiveCfg = Release|Any CPU
		{FE967262-F0B2-4562-969F-3BF9B20AD1F0}.Release|Any CPU.Build.0 = Release|Any CPU
	EndGlobalSection
	GlobalSection(SolutionProperties) = preSolution
		HideSolutionNode = FALSE
	EndGlobalSection
	GlobalSection(ExtensibilityGlobals) = postSolution
		SolutionGuid = {A320D726-1E18-49AC-BEA0-E761BE9209E1}
	EndGlobalSection
EndGlobal
